// !$*UTF8*$!
{
	archiveVersion = 1;
	classes = {
	};
	objectVersion = 46;
	objects = {

/* Begin PBXBuildFile section */
		087FD4017DB281DDDE3D237A /* Pods_CarController.framework in Frameworks */ = {isa = PBXBuildFile; fileRef = 1A1271153E6A6170323FA804 /* Pods_CarController.framework */; };
		5A8380CD1FAB50B20065E078 /* APICarActionsRouter.swift in Sources */ = {isa = PBXBuildFile; fileRef = 5A8380CC1FAB50B20065E078 /* APICarActionsRouter.swift */; };
		5A8380CF1FAB53E80065E078 /* APIRequestBuilder.swift in Sources */ = {isa = PBXBuildFile; fileRef = 5A8380CE1FAB53E80065E078 /* APIRequestBuilder.swift */; };
		5A8380D11FAB5E370065E078 /* CarActionsAPIHelper.swift in Sources */ = {isa = PBXBuildFile; fileRef = 5A8380D01FAB5E370065E078 /* CarActionsAPIHelper.swift */; };
		5A8380D31FAB5E9D0065E078 /* APIRequestable.swift in Sources */ = {isa = PBXBuildFile; fileRef = 5A8380D21FAB5E9D0065E078 /* APIRequestable.swift */; };
		EE344F161F655ABD00E4598D /* AppDelegate.swift in Sources */ = {isa = PBXBuildFile; fileRef = EE344F151F655ABD00E4598D /* AppDelegate.swift */; };
		EE344F181F655ABD00E4598D /* RootTabBarController.swift in Sources */ = {isa = PBXBuildFile; fileRef = EE344F171F655ABD00E4598D /* RootTabBarController.swift */; };
		EE344F1B1F655ABD00E4598D /* Main.storyboard in Resources */ = {isa = PBXBuildFile; fileRef = EE344F191F655ABD00E4598D /* Main.storyboard */; };
		EE344F1D1F655ABD00E4598D /* Assets.xcassets in Resources */ = {isa = PBXBuildFile; fileRef = EE344F1C1F655ABD00E4598D /* Assets.xcassets */; };
		EE344F201F655ABD00E4598D /* LaunchScreen.storyboard in Resources */ = {isa = PBXBuildFile; fileRef = EE344F1E1F655ABD00E4598D /* LaunchScreen.storyboard */; };
		EE344F291F65CA1200E4598D /* Images.xcassets in Resources */ = {isa = PBXBuildFile; fileRef = EE344F281F65CA1200E4598D /* Images.xcassets */; };
		EE344F2C1F65D00800E4598D /* ActionViewController.swift in Sources */ = {isa = PBXBuildFile; fileRef = EE344F2B1F65D00800E4598D /* ActionViewController.swift */; };
		EE344F2E1F65D01E00E4598D /* RecordingListViewController.swift in Sources */ = {isa = PBXBuildFile; fileRef = EE344F2D1F65D01E00E4598D /* RecordingListViewController.swift */; };
		EE894E381F8EABD900303099 /* ActionPickerViewController.swift in Sources */ = {isa = PBXBuildFile; fileRef = EE894E371F8EABD900303099 /* ActionPickerViewController.swift */; };
		EEB9D6071F82807400396348 /* ActionType.swift in Sources */ = {isa = PBXBuildFile; fileRef = EEB9D6061F82807400396348 /* ActionType.swift */; };
/* End PBXBuildFile section */

/* Begin PBXFileReference section */
		0A1514367E132A5C55A1D05D /* Pods-CarController.debug.xcconfig */ = {isa = PBXFileReference; includeInIndex = 1; lastKnownFileType = text.xcconfig; name = "Pods-CarController.debug.xcconfig"; path = "Pods/Target Support Files/Pods-CarController/Pods-CarController.debug.xcconfig"; sourceTree = "<group>"; };
		1A1271153E6A6170323FA804 /* Pods_CarController.framework */ = {isa = PBXFileReference; explicitFileType = wrapper.framework; includeInIndex = 0; path = Pods_CarController.framework; sourceTree = BUILT_PRODUCTS_DIR; };
		5A8380CC1FAB50B20065E078 /* APICarActionsRouter.swift */ = {isa = PBXFileReference; lastKnownFileType = sourcecode.swift; name = APICarActionsRouter.swift; path = APIHelpers/APICarActionsRouter.swift; sourceTree = "<group>"; };
		5A8380CE1FAB53E80065E078 /* APIRequestBuilder.swift */ = {isa = PBXFileReference; lastKnownFileType = sourcecode.swift; name = APIRequestBuilder.swift; path = APIHelpers/APIRequestBuilder.swift; sourceTree = "<group>"; };
		5A8380D01FAB5E370065E078 /* CarActionsAPIHelper.swift */ = {isa = PBXFileReference; lastKnownFileType = sourcecode.swift; path = CarActionsAPIHelper.swift; sourceTree = "<group>"; };
		5A8380D21FAB5E9D0065E078 /* APIRequestable.swift */ = {isa = PBXFileReference; lastKnownFileType = sourcecode.swift; name = APIRequestable.swift; path = APIHelpers/APIRequestable.swift; sourceTree = "<group>"; };
		EE344F121F655ABD00E4598D /* CarController.app */ = {isa = PBXFileReference; explicitFileType = wrapper.application; includeInIndex = 0; path = CarController.app; sourceTree = BUILT_PRODUCTS_DIR; };
		EE344F151F655ABD00E4598D /* AppDelegate.swift */ = {isa = PBXFileReference; lastKnownFileType = sourcecode.swift; path = AppDelegate.swift; sourceTree = "<group>"; };
		EE344F171F655ABD00E4598D /* RootTabBarController.swift */ = {isa = PBXFileReference; lastKnownFileType = sourcecode.swift; path = RootTabBarController.swift; sourceTree = "<group>"; };
		EE344F1A1F655ABD00E4598D /* Base */ = {isa = PBXFileReference; lastKnownFileType = file.storyboard; name = Base; path = Base.lproj/Main.storyboard; sourceTree = "<group>"; };
		EE344F1C1F655ABD00E4598D /* Assets.xcassets */ = {isa = PBXFileReference; lastKnownFileType = folder.assetcatalog; path = Assets.xcassets; sourceTree = "<group>"; };
		EE344F1F1F655ABD00E4598D /* Base */ = {isa = PBXFileReference; lastKnownFileType = file.storyboard; name = Base; path = Base.lproj/LaunchScreen.storyboard; sourceTree = "<group>"; };
		EE344F211F655ABD00E4598D /* Info.plist */ = {isa = PBXFileReference; lastKnownFileType = text.plist.xml; path = Info.plist; sourceTree = "<group>"; };
		EE344F281F65CA1200E4598D /* Images.xcassets */ = {isa = PBXFileReference; lastKnownFileType = folder.assetcatalog; path = Images.xcassets; sourceTree = "<group>"; };
		EE344F2B1F65D00800E4598D /* ActionViewController.swift */ = {isa = PBXFileReference; fileEncoding = 4; lastKnownFileType = sourcecode.swift; name = ActionViewController.swift; path = "View Controllers/ActionViewController.swift"; sourceTree = "<group>"; };
		EE344F2D1F65D01E00E4598D /* RecordingListViewController.swift */ = {isa = PBXFileReference; fileEncoding = 4; lastKnownFileType = sourcecode.swift; name = RecordingListViewController.swift; path = "View Controllers/RecordingListViewController.swift"; sourceTree = "<group>"; };
		EE894E371F8EABD900303099 /* ActionPickerViewController.swift */ = {isa = PBXFileReference; lastKnownFileType = sourcecode.swift; name = ActionPickerViewController.swift; path = "View Controllers/ActionPickerViewController.swift"; sourceTree = "<group>"; };
		EEB9D6061F82807400396348 /* ActionType.swift */ = {isa = PBXFileReference; lastKnownFileType = sourcecode.swift; path = ActionType.swift; sourceTree = "<group>"; };
		F51A8445CA3924593891DE03 /* Pods-CarController.release.xcconfig */ = {isa = PBXFileReference; includeInIndex = 1; lastKnownFileType = text.xcconfig; name = "Pods-CarController.release.xcconfig"; path = "Pods/Target Support Files/Pods-CarController/Pods-CarController.release.xcconfig"; sourceTree = "<group>"; };
/* End PBXFileReference section */

/* Begin PBXFrameworksBuildPhase section */
		EE344F0F1F655ABD00E4598D /* Frameworks */ = {
			isa = PBXFrameworksBuildPhase;
			buildActionMask = 2147483647;
			files = (
				087FD4017DB281DDDE3D237A /* Pods_CarController.framework in Frameworks */,
			);
			runOnlyForDeploymentPostprocessing = 0;
		};
/* End PBXFrameworksBuildPhase section */

/* Begin PBXGroup section */
		458F9787AF5053C39600219E /* Pods */ = {
			isa = PBXGroup;
			children = (
				0A1514367E132A5C55A1D05D /* Pods-CarController.debug.xcconfig */,
				F51A8445CA3924593891DE03 /* Pods-CarController.release.xcconfig */,
			);
			name = Pods;
			sourceTree = "<group>";
		};
		4AC9F9D1AC8D476807E3FF45 /* Frameworks */ = {
			isa = PBXGroup;
			children = (
				1A1271153E6A6170323FA804 /* Pods_CarController.framework */,
			);
			name = Frameworks;
			sourceTree = "<group>";
		};
		5A8380CA1FAB4FC20065E078 /* Storyboards */ = {
			isa = PBXGroup;
			children = (
				EE344F1E1F655ABD00E4598D /* LaunchScreen.storyboard */,
				EE344F191F655ABD00E4598D /* Main.storyboard */,
			);
			name = Storyboards;
			sourceTree = "<group>";
		};
		5A8380CB1FAB4FD80065E078 /* Models */ = {
			isa = PBXGroup;
			children = (
				EEB9D6061F82807400396348 /* ActionType.swift */,
			);
			name = Models;
			sourceTree = "<group>";
		};
		EE344F091F655ABD00E4598D = {
			isa = PBXGroup;
			children = (
				EE344F141F655ABD00E4598D /* CarController */,
				EE344F131F655ABD00E4598D /* Products */,
				458F9787AF5053C39600219E /* Pods */,
				4AC9F9D1AC8D476807E3FF45 /* Frameworks */,
			);
			sourceTree = "<group>";
		};
		EE344F131F655ABD00E4598D /* Products */ = {
			isa = PBXGroup;
			children = (
				EE344F121F655ABD00E4598D /* CarController.app */,
			);
			name = Products;
			sourceTree = "<group>";
		};
		EE344F141F655ABD00E4598D /* CarController */ = {
			isa = PBXGroup;
			children = (
				EE344F271F655D1D00E4598D /* APIHelpers */,
				5A8380CB1FAB4FD80065E078 /* Models */,
				5A8380CA1FAB4FC20065E078 /* Storyboards */,
				EE344F2A1F65CFDA00E4598D /* View Controllers */,
				EE344F151F655ABD00E4598D /* AppDelegate.swift */,
				EE344F1C1F655ABD00E4598D /* Assets.xcassets */,
				EE344F281F65CA1200E4598D /* Images.xcassets */,
				EE344F211F655ABD00E4598D /* Info.plist */,
			);
			path = CarController;
			sourceTree = "<group>";
		};
		EE344F271F655D1D00E4598D /* APIHelpers */ = {
			isa = PBXGroup;
			children = (
				5A8380CC1FAB50B20065E078 /* APICarActionsRouter.swift */,
				5A8380CE1FAB53E80065E078 /* APIRequestBuilder.swift */,
				5A8380D01FAB5E370065E078 /* CarActionsAPIHelper.swift */,
				5A8380D21FAB5E9D0065E078 /* APIRequestable.swift */,
			);
			name = APIHelpers;
			sourceTree = "<group>";
		};
		EE344F2A1F65CFDA00E4598D /* View Controllers */ = {
			isa = PBXGroup;
			children = (
				EE344F171F655ABD00E4598D /* RootTabBarController.swift */,
				EE344F2B1F65D00800E4598D /* ActionViewController.swift */,
				EE344F2D1F65D01E00E4598D /* RecordingListViewController.swift */,
				EE894E371F8EABD900303099 /* ActionPickerViewController.swift */,
			);
			name = "View Controllers";
			sourceTree = "<group>";
		};
/* End PBXGroup section */

/* Begin PBXNativeTarget section */
		EE344F111F655ABD00E4598D /* CarController */ = {
			isa = PBXNativeTarget;
			buildConfigurationList = EE344F241F655ABD00E4598D /* Build configuration list for PBXNativeTarget "CarController" */;
			buildPhases = (
				09D423D9E55A39F8DE448FD8 /* [CP] Check Pods Manifest.lock */,
				EE344F0E1F655ABD00E4598D /* Sources */,
				EE344F0F1F655ABD00E4598D /* Frameworks */,
				EE344F101F655ABD00E4598D /* Resources */,
				F315D0980148DDFA7DD2E7F7 /* [CP] Embed Pods Frameworks */,
				734991902E98CF9E9132AE17 /* [CP] Copy Pods Resources */,
			);
			buildRules = (
			);
			dependencies = (
			);
			name = CarController;
			productName = CarController;
			productReference = EE344F121F655ABD00E4598D /* CarController.app */;
			productType = "com.apple.product-type.application";
		};
/* End PBXNativeTarget section */

/* Begin PBXProject section */
		EE344F0A1F655ABD00E4598D /* Project object */ = {
			isa = PBXProject;
			attributes = {
				LastSwiftUpdateCheck = 0830;
				LastUpgradeCheck = 0830;
				ORGANIZATIONNAME = CodeQuest;
				TargetAttributes = {
					EE344F111F655ABD00E4598D = {
						CreatedOnToolsVersion = 8.3.3;
						DevelopmentTeam = W5SLRW4B3C;
						ProvisioningStyle = Automatic;
					};
				};
			};
			buildConfigurationList = EE344F0D1F655ABD00E4598D /* Build configuration list for PBXProject "CarController" */;
			compatibilityVersion = "Xcode 3.2";
			developmentRegion = English;
			hasScannedForEncodings = 0;
			knownRegions = (
				en,
				Base,
			);
			mainGroup = EE344F091F655ABD00E4598D;
			productRefGroup = EE344F131F655ABD00E4598D /* Products */;
			projectDirPath = "";
			projectRoot = "";
			targets = (
				EE344F111F655ABD00E4598D /* CarController */,
			);
		};
/* End PBXProject section */

/* Begin PBXResourcesBuildPhase section */
		EE344F101F655ABD00E4598D /* Resources */ = {
			isa = PBXResourcesBuildPhase;
			buildActionMask = 2147483647;
			files = (
				EE344F201F655ABD00E4598D /* LaunchScreen.storyboard in Resources */,
				EE344F291F65CA1200E4598D /* Images.xcassets in Resources */,
				EE344F1D1F655ABD00E4598D /* Assets.xcassets in Resources */,
				EE344F1B1F655ABD00E4598D /* Main.storyboard in Resources */,
			);
			runOnlyForDeploymentPostprocessing = 0;
		};
/* End PBXResourcesBuildPhase section */

/* Begin PBXShellScriptBuildPhase section */
		09D423D9E55A39F8DE448FD8 /* [CP] Check Pods Manifest.lock */ = {
			isa = PBXShellScriptBuildPhase;
			buildActionMask = 2147483647;
			files = (
			);
			inputPaths = (
				"${PODS_PODFILE_DIR_PATH}/Podfile.lock",
				"${PODS_ROOT}/Manifest.lock",
			);
			name = "[CP] Check Pods Manifest.lock";
			outputPaths = (
				"$(DERIVED_FILE_DIR)/Pods-CarController-checkManifestLockResult.txt",
			);
			runOnlyForDeploymentPostprocessing = 0;
			shellPath = /bin/sh;
			shellScript = "diff \"${PODS_PODFILE_DIR_PATH}/Podfile.lock\" \"${PODS_ROOT}/Manifest.lock\" > /dev/null\nif [ $? != 0 ] ; then\n    # print error to STDERR\n    echo \"error: The sandbox is not in sync with the Podfile.lock. Run 'pod install' or update your CocoaPods installation.\" >&2\n    exit 1\nfi\n# This output is used by Xcode 'outputs' to avoid re-running this script phase.\necho \"SUCCESS\" > \"${SCRIPT_OUTPUT_FILE_0}\"\n";
			showEnvVarsInLog = 0;
		};
		734991902E98CF9E9132AE17 /* [CP] Copy Pods Resources */ = {
			isa = PBXShellScriptBuildPhase;
			buildActionMask = 2147483647;
			files = (
			);
			inputPaths = (
			);
			name = "[CP] Copy Pods Resources";
			outputPaths = (
			);
			runOnlyForDeploymentPostprocessing = 0;
			shellPath = /bin/sh;
			shellScript = "\"${SRCROOT}/Pods/Target Support Files/Pods-CarController/Pods-CarController-resources.sh\"\n";
			showEnvVarsInLog = 0;
		};
		F315D0980148DDFA7DD2E7F7 /* [CP] Embed Pods Frameworks */ = {
			isa = PBXShellScriptBuildPhase;
			buildActionMask = 2147483647;
			files = (
			);
			inputPaths = (
				"${SRCROOT}/Pods/Target Support Files/Pods-CarController/Pods-CarController-frameworks.sh",
				"${BUILT_PRODUCTS_DIR}/Alamofire/Alamofire.framework",
				"${BUILT_PRODUCTS_DIR}/SVProgressHUD/SVProgressHUD.framework",
			);
			name = "[CP] Embed Pods Frameworks";
			outputPaths = (
				"${TARGET_BUILD_DIR}/${FRAMEWORKS_FOLDER_PATH}/Alamofire.framework",
				"${TARGET_BUILD_DIR}/${FRAMEWORKS_FOLDER_PATH}/SVProgressHUD.framework",
			);
			runOnlyForDeploymentPostprocessing = 0;
			shellPath = /bin/sh;
			shellScript = "\"${SRCROOT}/Pods/Target Support Files/Pods-CarController/Pods-CarController-frameworks.sh\"\n";
			showEnvVarsInLog = 0;
		};
/* End PBXShellScriptBuildPhase section */

/* Begin PBXSourcesBuildPhase section */
		EE344F0E1F655ABD00E4598D /* Sources */ = {
			isa = PBXSourcesBuildPhase;
			buildActionMask = 2147483647;
			files = (
				EE344F2E1F65D01E00E4598D /* RecordingListViewController.swift in Sources */,
				EE894E381F8EABD900303099 /* ActionPickerViewController.swift in Sources */,
				EE344F181F655ABD00E4598D /* RootTabBarController.swift in Sources */,
				5A8380D11FAB5E370065E078 /* CarActionsAPIHelper.swift in Sources */,
				EEB9D6071F82807400396348 /* ActionType.swift in Sources */,
				5A8380CF1FAB53E80065E078 /* APIRequestBuilder.swift in Sources */,
				5A8380CD1FAB50B20065E078 /* APICarActionsRouter.swift in Sources */,
				EE344F161F655ABD00E4598D /* AppDelegate.swift in Sources */,
				5A8380D31FAB5E9D0065E078 /* APIRequestable.swift in Sources */,
				EE344F2C1F65D00800E4598D /* ActionViewController.swift in Sources */,
			);
			runOnlyForDeploymentPostprocessing = 0;
		};
/* End PBXSourcesBuildPhase section */

/* Begin PBXVariantGroup section */
		EE344F191F655ABD00E4598D /* Main.storyboard */ = {
			isa = PBXVariantGroup;
			children = (
				EE344F1A1F655ABD00E4598D /* Base */,
			);
			name = Main.storyboard;
			sourceTree = "<group>";
		};
		EE344F1E1F655ABD00E4598D /* LaunchScreen.storyboard */ = {
			isa = PBXVariantGroup;
			children = (
				EE344F1F1F655ABD00E4598D /* Base */,
			);
			name = LaunchScreen.storyboard;
			sourceTree = "<group>";
		};
/* End PBXVariantGroup section */

/* Begin XCBuildConfiguration section */
		EE344F221F655ABD00E4598D /* Debug */ = {
			isa = XCBuildConfiguration;
			buildSettings = {
				ALWAYS_SEARCH_USER_PATHS = NO;
				CLANG_ANALYZER_NONNULL = YES;
				CLANG_ANALYZER_NUMBER_OBJECT_CONVERSION = YES_AGGRESSIVE;
				CLANG_CXX_LANGUAGE_STANDARD = "gnu++0x";
				CLANG_CXX_LIBRARY = "libc++";
				CLANG_ENABLE_MODULES = YES;
				CLANG_ENABLE_OBJC_ARC = YES;
				CLANG_WARN_BOOL_CONVERSION = YES;
				CLANG_WARN_CONSTANT_CONVERSION = YES;
				CLANG_WARN_DIRECT_OBJC_ISA_USAGE = YES_ERROR;
				CLANG_WARN_DOCUMENTATION_COMMENTS = YES;
				CLANG_WARN_EMPTY_BODY = YES;
				CLANG_WARN_ENUM_CONVERSION = YES;
				CLANG_WARN_INFINITE_RECURSION = YES;
				CLANG_WARN_INT_CONVERSION = YES;
				CLANG_WARN_OBJC_ROOT_CLASS = YES_ERROR;
				CLANG_WARN_SUSPICIOUS_MOVE = YES;
				CLANG_WARN_UNREACHABLE_CODE = YES;
				CLANG_WARN__DUPLICATE_METHOD_MATCH = YES;
				"CODE_SIGN_IDENTITY[sdk=iphoneos*]" = "iPhone Developer";
				COPY_PHASE_STRIP = NO;
				DEBUG_INFORMATION_FORMAT = dwarf;
				ENABLE_STRICT_OBJC_MSGSEND = YES;
				ENABLE_TESTABILITY = YES;
				GCC_C_LANGUAGE_STANDARD = gnu99;
				GCC_DYNAMIC_NO_PIC = NO;
				GCC_NO_COMMON_BLOCKS = YES;
				GCC_OPTIMIZATION_LEVEL = 0;
				GCC_PREPROCESSOR_DEFINITIONS = (
					"DEBUG=1",
					"$(inherited)",
				);
				GCC_WARN_64_TO_32_BIT_CONVERSION = YES;
				GCC_WARN_ABOUT_RETURN_TYPE = YES_ERROR;
				GCC_WARN_UNDECLARED_SELECTOR = YES;
				GCC_WARN_UNINITIALIZED_AUTOS = YES_AGGRESSIVE;
				GCC_WARN_UNUSED_FUNCTION = YES;
				GCC_WARN_UNUSED_VARIABLE = YES;
				IPHONEOS_DEPLOYMENT_TARGET = 10.3;
				MTL_ENABLE_DEBUG_INFO = YES;
				ONLY_ACTIVE_ARCH = YES;
				SDKROOT = iphoneos;
				SWIFT_ACTIVE_COMPILATION_CONDITIONS = DEBUG;
				SWIFT_OPTIMIZATION_LEVEL = "-Onone";
				TARGETED_DEVICE_FAMILY = "1,2";
			};
			name = Debug;
		};
		EE344F231F655ABD00E4598D /* Release */ = {
			isa = XCBuildConfiguration;
			buildSettings = {
				ALWAYS_SEARCH_USER_PATHS = NO;
				CLANG_ANALYZER_NONNULL = YES;
				CLANG_ANALYZER_NUMBER_OBJECT_CONVERSION = YES_AGGRESSIVE;
				CLANG_CXX_LANGUAGE_STANDARD = "gnu++0x";
				CLANG_CXX_LIBRARY = "libc++";
				CLANG_ENABLE_MODULES = YES;
				CLANG_ENABLE_OBJC_ARC = YES;
				CLANG_WARN_BOOL_CONVERSION = YES;
				CLANG_WARN_CONSTANT_CONVERSION = YES;
				CLANG_WARN_DIRECT_OBJC_ISA_USAGE = YES_ERROR;
				CLANG_WARN_DOCUMENTATION_COMMENTS = YES;
				CLANG_WARN_EMPTY_BODY = YES;
				CLANG_WARN_ENUM_CONVERSION = YES;
				CLANG_WARN_INFINITE_RECURSION = YES;
				CLANG_WARN_INT_CONVERSION = YES;
				CLANG_WARN_OBJC_ROOT_CLASS = YES_ERROR;
				CLANG_WARN_SUSPICIOUS_MOVE = YES;
				CLANG_WARN_UNREACHABLE_CODE = YES;
				CLANG_WARN__DUPLICATE_METHOD_MATCH = YES;
				"CODE_SIGN_IDENTITY[sdk=iphoneos*]" = "iPhone Developer";
				COPY_PHASE_STRIP = NO;
				DEBUG_INFORMATION_FORMAT = "dwarf-with-dsym";
				ENABLE_NS_ASSERTIONS = NO;
				ENABLE_STRICT_OBJC_MSGSEND = YES;
				GCC_C_LANGUAGE_STANDARD = gnu99;
				GCC_NO_COMMON_BLOCKS = YES;
				GCC_WARN_64_TO_32_BIT_CONVERSION = YES;
				GCC_WARN_ABOUT_RETURN_TYPE = YES_ERROR;
				GCC_WARN_UNDECLARED_SELECTOR = YES;
				GCC_WARN_UNINITIALIZED_AUTOS = YES_AGGRESSIVE;
				GCC_WARN_UNUSED_FUNCTION = YES;
				GCC_WARN_UNUSED_VARIABLE = YES;
				IPHONEOS_DEPLOYMENT_TARGET = 10.3;
				MTL_ENABLE_DEBUG_INFO = NO;
				SDKROOT = iphoneos;
				SWIFT_OPTIMIZATION_LEVEL = "-Owholemodule";
				TARGETED_DEVICE_FAMILY = "1,2";
				VALIDATE_PRODUCT = YES;
			};
			name = Release;
		};
		EE344F251F655ABD00E4598D /* Debug */ = {
			isa = XCBuildConfiguration;
			baseConfigurationReference = 0A1514367E132A5C55A1D05D /* Pods-CarController.debug.xcconfig */;
			buildSettings = {
				ASSETCATALOG_COMPILER_APPICON_NAME = AppIcon;
				DEVELOPMENT_TEAM = W5SLRW4B3C;
				INFOPLIST_FILE = CarController/Info.plist;
				IPHONEOS_DEPLOYMENT_TARGET = 9.1;
				LD_RUNPATH_SEARCH_PATHS = "$(inherited) @executable_path/Frameworks";
				PRODUCT_BUNDLE_IDENTIFIER = Gosia.CarController;
				PRODUCT_NAME = "$(TARGET_NAME)";
				SWIFT_VERSION = 3.0;
			};
			name = Debug;
		};
		EE344F261F655ABD00E4598D /* Release */ = {
			isa = XCBuildConfiguration;
			baseConfigurationReference = F51A8445CA3924593891DE03 /* Pods-CarController.release.xcconfig */;
			buildSettings = {
				ASSETCATALOG_COMPILER_APPICON_NAME = AppIcon;
				DEVELOPMENT_TEAM = W5SLRW4B3C;
				INFOPLIST_FILE = CarController/Info.plist;
				IPHONEOS_DEPLOYMENT_TARGET = 9.1;
				LD_RUNPATH_SEARCH_PATHS = "$(inherited) @executable_path/Frameworks";
				PRODUCT_BUNDLE_IDENTIFIER = Gosia.CarController;
				PRODUCT_NAME = "$(TARGET_NAME)";
				SWIFT_VERSION = 3.0;
			};
			name = Release;
		};
/* End XCBuildConfiguration section */

/* Begin XCConfigurationList section */
		EE344F0D1F655ABD00E4598D /* Build configuration list for PBXProject "CarController" */ = {
			isa = XCConfigurationList;
			buildConfigurations = (
				EE344F221F655ABD00E4598D /* Debug */,
				EE344F231F655ABD00E4598D /* Release */,
			);
			defaultConfigurationIsVisible = 0;
			defaultConfigurationName = Release;
		};
		EE344F241F655ABD00E4598D /* Build configuration list for PBXNativeTarget "CarController" */ = {
			isa = XCConfigurationList;
			buildConfigurations = (
				EE344F251F655ABD00E4598D /* Debug */,
				EE344F261F655ABD00E4598D /* Release */,
			);
			defaultConfigurationIsVisible = 0;
			defaultConfigurationName = Release;
		};
/* End XCConfigurationList section */
	};
	rootObject = EE344F0A1F655ABD00E4598D /* Project object */;
}
